
Microsoft Visual Studio Solution File, Format Version 12.00
# Visual Studio Version 17
VisualStudioVersion = 17.5.33516.290
MinimumVisualStudioVersion = 10.0.40219.1
Project("{9A19103F-16F7-4668-BE54-9A1E7A4F7556}") = "SettingDatasourceCredentials", "SettingDatasourceCredentials.csproj", "{DCCC7E2E-7321-4024-8C86-46773795A464}"
EndProject
Global
	GlobalSection(SolutionConfigurationPlatforms) = preSolution
		Debug|Any CPU = Debug|Any CPU
		Release|Any CPU = Release|Any CPU
	EndGlobalSection
	GlobalSection(ProjectConfigurationPlatforms) = postSolution
		{DCCC7E2E-7321-4024-8C86-46773795A464}.Debug|Any CPU.ActiveCfg = Debug|Any CPU
		{DCCC7E2E-7321-4024-8C86-46773795A464}.Debug|Any CPU.Build.0 = Debug|Any CPU
		{DCCC7E2E-7321-4024-8C86-46773795A464}.Release|Any CPU.ActiveCfg = Release|Any CPU
		{DCCC7E2E-7321-4024-8C86-46773795A464}.Release|Any CPU.Build.0 = Release|Any CPU
	EndGlobalSection
	GlobalSection(SolutionProperties) = preSolution
		HideSolutionNode = FALSE
	EndGlobalSection
	GlobalSection(ExtensibilityGlobals) = postSolution
		SolutionGuid = {9D1BB1E9-0B03-4CE9-8D72-375EF335B147}
	EndGlobalSection
EndGlobal
